// !$*UTF8*$!
{
	archiveVersion = 1;
	classes = {
	};
	objectVersion = 48;
	objects = {

/* Begin PBXBuildFile section */
		062ACC64CC861AC837459F5D /* Pods_ArticleSystem.framework in Frameworks */ = {isa = PBXBuildFile; fileRef = 712B1F41F07159E63000596C /* Pods_ArticleSystem.framework */; };
		8714FE621FC9D73D00F70221 /* LandingViewController.swift in Sources */ = {isa = PBXBuildFile; fileRef = 8714FE611FC9D73C00F70221 /* LandingViewController.swift */; };
		8714FE641FC9D74400F70221 /* ArticlesTableViewController.swift in Sources */ = {isa = PBXBuildFile; fileRef = 8714FE631FC9D74400F70221 /* ArticlesTableViewController.swift */; };
		873430BF1FC9B6C000BEBACE /* AppDelegate.swift in Sources */ = {isa = PBXBuildFile; fileRef = 873430BE1FC9B6C000BEBACE /* AppDelegate.swift */; };
		873430C61FC9B6C000BEBACE /* Assets.xcassets in Resources */ = {isa = PBXBuildFile; fileRef = 873430C51FC9B6C000BEBACE /* Assets.xcassets */; };
		873430C91FC9B6C000BEBACE /* LaunchScreen.storyboard in Resources */ = {isa = PBXBuildFile; fileRef = 873430C71FC9B6C000BEBACE /* LaunchScreen.storyboard */; };
		8785CD581FCADC9100405DF3 /* GoogleService-Info.plist in Resources */ = {isa = PBXBuildFile; fileRef = 8785CD571FCADC9100405DF3 /* GoogleService-Info.plist */; };
		87C884FB1FC9F2E6007B0EBC /* SignupViewController.swift in Sources */ = {isa = PBXBuildFile; fileRef = 87C884FA1FC9F2E6007B0EBC /* SignupViewController.swift */; };
		87C884FD1FC9F30E007B0EBC /* LoginViewController.swift in Sources */ = {isa = PBXBuildFile; fileRef = 87C884FC1FC9F30E007B0EBC /* LoginViewController.swift */; };
		87C884FF1FC9FFB9007B0EBC /* Landing.swift in Sources */ = {isa = PBXBuildFile; fileRef = 87C884FE1FC9FFB9007B0EBC /* Landing.swift */; };
		87FE7A531FCB026800E1FBD4 /* UIColorExtension.swift in Sources */ = {isa = PBXBuildFile; fileRef = 87FE7A521FCB026800E1FBD4 /* UIColorExtension.swift */; };
/* End PBXBuildFile section */

/* Begin PBXFileReference section */
		019C36B85762345BEC052B88 /* Pods-ArticleSystem.release.xcconfig */ = {isa = PBXFileReference; includeInIndex = 1; lastKnownFileType = text.xcconfig; name = "Pods-ArticleSystem.release.xcconfig"; path = "Pods/Target Support Files/Pods-ArticleSystem/Pods-ArticleSystem.release.xcconfig"; sourceTree = "<group>"; };
		4FCDDB41140B55649E6D59A7 /* Pods-ArticleSystem.debug.xcconfig */ = {isa = PBXFileReference; includeInIndex = 1; lastKnownFileType = text.xcconfig; name = "Pods-ArticleSystem.debug.xcconfig"; path = "Pods/Target Support Files/Pods-ArticleSystem/Pods-ArticleSystem.debug.xcconfig"; sourceTree = "<group>"; };
		712B1F41F07159E63000596C /* Pods_ArticleSystem.framework */ = {isa = PBXFileReference; explicitFileType = wrapper.framework; includeInIndex = 0; path = Pods_ArticleSystem.framework; sourceTree = BUILT_PRODUCTS_DIR; };
		8714FE611FC9D73C00F70221 /* LandingViewController.swift */ = {isa = PBXFileReference; fileEncoding = 4; lastKnownFileType = sourcecode.swift; path = LandingViewController.swift; sourceTree = "<group>"; };
		8714FE631FC9D74400F70221 /* ArticlesTableViewController.swift */ = {isa = PBXFileReference; fileEncoding = 4; lastKnownFileType = sourcecode.swift; path = ArticlesTableViewController.swift; sourceTree = "<group>"; };
		873430BB1FC9B6C000BEBACE /* ArticleSystem.app */ = {isa = PBXFileReference; explicitFileType = wrapper.application; includeInIndex = 0; path = ArticleSystem.app; sourceTree = BUILT_PRODUCTS_DIR; };
		873430BE1FC9B6C000BEBACE /* AppDelegate.swift */ = {isa = PBXFileReference; lastKnownFileType = sourcecode.swift; path = AppDelegate.swift; sourceTree = "<group>"; };
		873430C51FC9B6C000BEBACE /* Assets.xcassets */ = {isa = PBXFileReference; lastKnownFileType = folder.assetcatalog; path = Assets.xcassets; sourceTree = "<group>"; };
		873430C81FC9B6C000BEBACE /* Base */ = {isa = PBXFileReference; lastKnownFileType = file.storyboard; name = Base; path = Base.lproj/LaunchScreen.storyboard; sourceTree = "<group>"; };
		873430CA1FC9B6C000BEBACE /* Info.plist */ = {isa = PBXFileReference; lastKnownFileType = text.plist.xml; path = Info.plist; sourceTree = "<group>"; };
		8785CD571FCADC9100405DF3 /* GoogleService-Info.plist */ = {isa = PBXFileReference; fileEncoding = 4; lastKnownFileType = text.plist.xml; path = "GoogleService-Info.plist"; sourceTree = "<group>"; };
		87C884FA1FC9F2E6007B0EBC /* SignupViewController.swift */ = {isa = PBXFileReference; lastKnownFileType = sourcecode.swift; path = SignupViewController.swift; sourceTree = "<group>"; };
		87C884FC1FC9F30E007B0EBC /* LoginViewController.swift */ = {isa = PBXFileReference; lastKnownFileType = sourcecode.swift; path = LoginViewController.swift; sourceTree = "<group>"; };
		87C884FE1FC9FFB9007B0EBC /* Landing.swift */ = {isa = PBXFileReference; lastKnownFileType = sourcecode.swift; path = Landing.swift; sourceTree = "<group>"; };
		87FE7A521FCB026800E1FBD4 /* UIColorExtension.swift */ = {isa = PBXFileReference; lastKnownFileType = sourcecode.swift; path = UIColorExtension.swift; sourceTree = "<group>"; };
/* End PBXFileReference section */

/* Begin PBXFrameworksBuildPhase section */
		873430B81FC9B6C000BEBACE /* Frameworks */ = {
			isa = PBXFrameworksBuildPhase;
			buildActionMask = 2147483647;
			files = (
				062ACC64CC861AC837459F5D /* Pods_ArticleSystem.framework in Frameworks */,
			);
			runOnlyForDeploymentPostprocessing = 0;
		};
/* End PBXFrameworksBuildPhase section */

/* Begin PBXGroup section */
		2A8D2D6319CC83943F921D35 /* Frameworks */ = {
			isa = PBXGroup;
			children = (
				712B1F41F07159E63000596C /* Pods_ArticleSystem.framework */,
			);
			name = Frameworks;
			sourceTree = "<group>";
		};
		4E023C2DD156BF5BC0D4F39E /* Pods */ = {
			isa = PBXGroup;
			children = (
				4FCDDB41140B55649E6D59A7 /* Pods-ArticleSystem.debug.xcconfig */,
				019C36B85762345BEC052B88 /* Pods-ArticleSystem.release.xcconfig */,
			);
			name = Pods;
			sourceTree = "<group>";
		};
		873430B21FC9B6C000BEBACE = {
			isa = PBXGroup;
			children = (
				873430BD1FC9B6C000BEBACE /* ArticleSystem */,
				873430BC1FC9B6C000BEBACE /* Products */,
				4E023C2DD156BF5BC0D4F39E /* Pods */,
				2A8D2D6319CC83943F921D35 /* Frameworks */,
			);
			sourceTree = "<group>";
		};
		873430BC1FC9B6C000BEBACE /* Products */ = {
			isa = PBXGroup;
			children = (
				873430BB1FC9B6C000BEBACE /* ArticleSystem.app */,
			);
			name = Products;
			sourceTree = "<group>";
		};
		873430BD1FC9B6C000BEBACE /* ArticleSystem */ = {
			isa = PBXGroup;
			children = (
				873430BE1FC9B6C000BEBACE /* AppDelegate.swift */,
				8714FE631FC9D74400F70221 /* ArticlesTableViewController.swift */,
				8714FE611FC9D73C00F70221 /* LandingViewController.swift */,
				873430C51FC9B6C000BEBACE /* Assets.xcassets */,
				873430C71FC9B6C000BEBACE /* LaunchScreen.storyboard */,
				873430CA1FC9B6C000BEBACE /* Info.plist */,
				87C884FA1FC9F2E6007B0EBC /* SignupViewController.swift */,
				87C884FC1FC9F30E007B0EBC /* LoginViewController.swift */,
				87C884FE1FC9FFB9007B0EBC /* Landing.swift */,
				8785CD571FCADC9100405DF3 /* GoogleService-Info.plist */,
				87FE7A521FCB026800E1FBD4 /* UIColorExtension.swift */,
			);
			path = ArticleSystem;
			sourceTree = "<group>";
		};
/* End PBXGroup section */

/* Begin PBXNativeTarget section */
		873430BA1FC9B6C000BEBACE /* ArticleSystem */ = {
			isa = PBXNativeTarget;
			buildConfigurationList = 873430CD1FC9B6C000BEBACE /* Build configuration list for PBXNativeTarget "ArticleSystem" */;
			buildPhases = (
				F7047C636C90EA825D8662D4 /* [CP] Check Pods Manifest.lock */,
				873430B71FC9B6C000BEBACE /* Sources */,
				873430B81FC9B6C000BEBACE /* Frameworks */,
				873430B91FC9B6C000BEBACE /* Resources */,
				8CA223C37E119F111FE3FB5F /* [CP] Embed Pods Frameworks */,
				654DCB7508F9F2CB656949F4 /* [CP] Copy Pods Resources */,
				87012D431FC9D8E400D09267 /* ShellScript */,
			);
			buildRules = (
			);
			dependencies = (
			);
			name = ArticleSystem;
			productName = ArticleSystem;
			productReference = 873430BB1FC9B6C000BEBACE /* ArticleSystem.app */;
			productType = "com.apple.product-type.application";
		};
/* End PBXNativeTarget section */

/* Begin PBXProject section */
		873430B31FC9B6C000BEBACE /* Project object */ = {
			isa = PBXProject;
			attributes = {
				LastSwiftUpdateCheck = 0900;
				LastUpgradeCheck = 0900;
				ORGANIZATIONNAME = "Hsiao Ai LEE";
				TargetAttributes = {
					873430BA1FC9B6C000BEBACE = {
						CreatedOnToolsVersion = 9.0.1;
						ProvisioningStyle = Automatic;
					};
				};
			};
			buildConfigurationList = 873430B61FC9B6C000BEBACE /* Build configuration list for PBXProject "ArticleSystem" */;
			compatibilityVersion = "Xcode 8.0";
			developmentRegion = en;
			hasScannedForEncodings = 0;
			knownRegions = (
				en,
				Base,
			);
			mainGroup = 873430B21FC9B6C000BEBACE;
			productRefGroup = 873430BC1FC9B6C000BEBACE /* Products */;
			projectDirPath = "";
			projectRoot = "";
			targets = (
				873430BA1FC9B6C000BEBACE /* ArticleSystem */,
			);
		};
/* End PBXProject section */

/* Begin PBXResourcesBuildPhase section */
		873430B91FC9B6C000BEBACE /* Resources */ = {
			isa = PBXResourcesBuildPhase;
			buildActionMask = 2147483647;
			files = (
				873430C91FC9B6C000BEBACE /* LaunchScreen.storyboard in Resources */,
				8785CD581FCADC9100405DF3 /* GoogleService-Info.plist in Resources */,
				873430C61FC9B6C000BEBACE /* Assets.xcassets in Resources */,
			);
			runOnlyForDeploymentPostprocessing = 0;
		};
/* End PBXResourcesBuildPhase section */

/* Begin PBXShellScriptBuildPhase section */
		654DCB7508F9F2CB656949F4 /* [CP] Copy Pods Resources */ = {
			isa = PBXShellScriptBuildPhase;
			buildActionMask = 2147483647;
			files = (
			);
			inputPaths = (
			);
			name = "[CP] Copy Pods Resources";
			outputPaths = (
			);
			runOnlyForDeploymentPostprocessing = 0;
			shellPath = /bin/sh;
			shellScript = "\"${SRCROOT}/Pods/Target Support Files/Pods-ArticleSystem/Pods-ArticleSystem-resources.sh\"\n";
			showEnvVarsInLog = 0;
		};
		87012D431FC9D8E400D09267 /* ShellScript */ = {
			isa = PBXShellScriptBuildPhase;
			buildActionMask = 2147483647;
			files = (
			);
			inputPaths = (
			);
			outputPaths = (
			);
			runOnlyForDeploymentPostprocessing = 0;
			shellPath = /bin/sh;
			shellScript = "if which swiftlint >/dev/null; then\nswiftlint\nelse\necho \"warning: SwiftLint not installed, download from https://github.com/realm/SwiftLint\"\nfi";
		};
		8CA223C37E119F111FE3FB5F /* [CP] Embed Pods Frameworks */ = {
			isa = PBXShellScriptBuildPhase;
			buildActionMask = 2147483647;
			files = (
			);
			inputPaths = (
				"${SRCROOT}/Pods/Target Support Files/Pods-ArticleSystem/Pods-ArticleSystem-frameworks.sh",
				"${BUILT_PRODUCTS_DIR}/ChameleonFramework/ChameleonFramework.framework",
				"${BUILT_PRODUCTS_DIR}/GTMSessionFetcher/GTMSessionFetcher.framework",
				"${BUILT_PRODUCTS_DIR}/GoogleToolboxForMac/GoogleToolboxForMac.framework",
				"${BUILT_PRODUCTS_DIR}/leveldb-library/leveldb.framework",
				"${BUILT_PRODUCTS_DIR}/nanopb/nanopb.framework",
			);
			name = "[CP] Embed Pods Frameworks";
			outputPaths = (
				"${TARGET_BUILD_DIR}/${FRAMEWORKS_FOLDER_PATH}/ChameleonFramework.framework",
				"${TARGET_BUILD_DIR}/${FRAMEWORKS_FOLDER_PATH}/GTMSessionFetcher.framework",
				"${TARGET_BUILD_DIR}/${FRAMEWORKS_FOLDER_PATH}/GoogleToolboxForMac.framework",
				"${TARGET_BUILD_DIR}/${FRAMEWORKS_FOLDER_PATH}/leveldb.framework",
				"${TARGET_BUILD_DIR}/${FRAMEWORKS_FOLDER_PATH}/nanopb.framework",
			);
			runOnlyForDeploymentPostprocessing = 0;
			shellPath = /bin/sh;
			shellScript = "\"${SRCROOT}/Pods/Target Support Files/Pods-ArticleSystem/Pods-ArticleSystem-frameworks.sh\"\n";
			showEnvVarsInLog = 0;
		};
		F7047C636C90EA825D8662D4 /* [CP] Check Pods Manifest.lock */ = {
			isa = PBXShellScriptBuildPhase;
			buildActionMask = 2147483647;
			files = (
			);
			inputPaths = (
				"${PODS_PODFILE_DIR_PATH}/Podfile.lock",
				"${PODS_ROOT}/Manifest.lock",
			);
			name = "[CP] Check Pods Manifest.lock";
			outputPaths = (
				"$(DERIVED_FILE_DIR)/Pods-ArticleSystem-checkManifestLockResult.txt",
			);
			runOnlyForDeploymentPostprocessing = 0;
			shellPath = /bin/sh;
			shellScript = "diff \"${PODS_PODFILE_DIR_PATH}/Podfile.lock\" \"${PODS_ROOT}/Manifest.lock\" > /dev/null\nif [ $? != 0 ] ; then\n    # print error to STDERR\n    echo \"error: The sandbox is not in sync with the Podfile.lock. Run 'pod install' or update your CocoaPods installation.\" >&2\n    exit 1\nfi\n# This output is used by Xcode 'outputs' to avoid re-running this script phase.\necho \"SUCCESS\" > \"${SCRIPT_OUTPUT_FILE_0}\"\n";
			showEnvVarsInLog = 0;
		};
/* End PBXShellScriptBuildPhase section */

/* Begin PBXSourcesBuildPhase section */
		873430B71FC9B6C000BEBACE /* Sources */ = {
			isa = PBXSourcesBuildPhase;
			buildActionMask = 2147483647;
			files = (
				8714FE621FC9D73D00F70221 /* LandingViewController.swift in Sources */,
				87FE7A531FCB026800E1FBD4 /* UIColorExtension.swift in Sources */,
				8714FE641FC9D74400F70221 /* ArticlesTableViewController.swift in Sources */,
				87C884FB1FC9F2E6007B0EBC /* SignupViewController.swift in Sources */,
				87C884FF1FC9FFB9007B0EBC /* Landing.swift in Sources */,
				87C884FD1FC9F30E007B0EBC /* LoginViewController.swift in Sources */,
				873430BF1FC9B6C000BEBACE /* AppDelegate.swift in Sources */,
			);
			runOnlyForDeploymentPostprocessing = 0;
		};
/* End PBXSourcesBuildPhase section */

/* Begin PBXVariantGroup section */
		873430C71FC9B6C000BEBACE /* LaunchScreen.storyboard */ = {
			isa = PBXVariantGroup;
			children = (
				873430C81FC9B6C000BEBACE /* Base */,
			);
			name = LaunchScreen.storyboard;
			sourceTree = "<group>";
		};
/* End PBXVariantGroup section */

/* Begin XCBuildConfiguration section */
		873430CB1FC9B6C000BEBACE /* Debug */ = {
			isa = XCBuildConfiguration;
			buildSettings = {
				ALWAYS_SEARCH_USER_PATHS = NO;
				CLANG_ANALYZER_NONNULL = YES;
				CLANG_ANALYZER_NUMBER_OBJECT_CONVERSION = YES_AGGRESSIVE;
				CLANG_CXX_LANGUAGE_STANDARD = "gnu++14";
				CLANG_CXX_LIBRARY = "libc++";
				CLANG_ENABLE_MODULES = YES;
				CLANG_ENABLE_OBJC_ARC = YES;
				CLANG_WARN_BLOCK_CAPTURE_AUTORELEASING = YES;
				CLANG_WARN_BOOL_CONVERSION = YES;
				CLANG_WARN_COMMA = YES;
				CLANG_WARN_CONSTANT_CONVERSION = YES;
				CLANG_WARN_DIRECT_OBJC_ISA_USAGE = YES_ERROR;
				CLANG_WARN_DOCUMENTATION_COMMENTS = YES;
				CLANG_WARN_EMPTY_BODY = YES;
				CLANG_WARN_ENUM_CONVERSION = YES;
				CLANG_WARN_INFINITE_RECURSION = YES;
				CLANG_WARN_INT_CONVERSION = YES;
				CLANG_WARN_NON_LITERAL_NULL_CONVERSION = YES;
				CLANG_WARN_OBJC_LITERAL_CONVERSION = YES;
				CLANG_WARN_OBJC_ROOT_CLASS = YES_ERROR;
				CLANG_WARN_RANGE_LOOP_ANALYSIS = YES;
				CLANG_WARN_STRICT_PROTOTYPES = YES;
				CLANG_WARN_SUSPICIOUS_MOVE = YES;
				CLANG_WARN_UNGUARDED_AVAILABILITY = YES_AGGRESSIVE;
				CLANG_WARN_UNREACHABLE_CODE = YES;
				CLANG_WARN__DUPLICATE_METHOD_MATCH = YES;
				CODE_SIGN_IDENTITY = "iPhone Developer";
				COPY_PHASE_STRIP = NO;
				DEBUG_INFORMATION_FORMAT = dwarf;
				ENABLE_STRICT_OBJC_MSGSEND = YES;
				ENABLE_TESTABILITY = YES;
				GCC_C_LANGUAGE_STANDARD = gnu11;
				GCC_DYNAMIC_NO_PIC = NO;
				GCC_NO_COMMON_BLOCKS = YES;
				GCC_OPTIMIZATION_LEVEL = 0;
				GCC_PREPROCESSOR_DEFINITIONS = (
					"DEBUG=1",
					"$(inherited)",
				);
				GCC_WARN_64_TO_32_BIT_CONVERSION = YES;
				GCC_WARN_ABOUT_RETURN_TYPE = YES_ERROR;
				GCC_WARN_UNDECLARED_SELECTOR = YES;
				GCC_WARN_UNINITIALIZED_AUTOS = YES_AGGRESSIVE;
				GCC_WARN_UNUSED_FUNCTION = YES;
				GCC_WARN_UNUSED_VARIABLE = YES;
				IPHONEOS_DEPLOYMENT_TARGET = 11.0;
				MTL_ENABLE_DEBUG_INFO = YES;
				ONLY_ACTIVE_ARCH = YES;
				SDKROOT = iphoneos;
				SWIFT_ACTIVE_COMPILATION_CONDITIONS = DEBUG;
				SWIFT_OPTIMIZATION_LEVEL = "-Onone";
			};
			name = Debug;
		};
		873430CC1FC9B6C000BEBACE /* Release */ = {
			isa = XCBuildConfiguration;
			buildSettings = {
				ALWAYS_SEARCH_USER_PATHS = NO;
				CLANG_ANALYZER_NONNULL = YES;
				CLANG_ANALYZER_NUMBER_OBJECT_CONVERSION = YES_AGGRESSIVE;
				CLANG_CXX_LANGUAGE_STANDARD = "gnu++14";
				CLANG_CXX_LIBRARY = "libc++";
				CLANG_ENABLE_MODULES = YES;
				CLANG_ENABLE_OBJC_ARC = YES;
				CLANG_WARN_BLOCK_CAPTURE_AUTORELEASING = YES;
				CLANG_WARN_BOOL_CONVERSION = YES;
				CLANG_WARN_COMMA = YES;
				CLANG_WARN_CONSTANT_CONVERSION = YES;
				CLANG_WARN_DIRECT_OBJC_ISA_USAGE = YES_ERROR;
				CLANG_WARN_DOCUMENTATION_COMMENTS = YES;
				CLANG_WARN_EMPTY_BODY = YES;
				CLANG_WARN_ENUM_CONVERSION = YES;
				CLANG_WARN_INFINITE_RECURSION = YES;
				CLANG_WARN_INT_CONVERSION = YES;
				CLANG_WARN_NON_LITERAL_NULL_CONVERSION = YES;
				CLANG_WARN_OBJC_LITERAL_CONVERSION = YES;
				CLANG_WARN_OBJC_ROOT_CLASS = YES_ERROR;
				CLANG_WARN_RANGE_LOOP_ANALYSIS = YES;
				CLANG_WARN_STRICT_PROTOTYPES = YES;
				CLANG_WARN_SUSPICIOUS_MOVE = YES;
				CLANG_WARN_UNGUARDED_AVAILABILITY = YES_AGGRESSIVE;
				CLANG_WARN_UNREACHABLE_CODE = YES;
				CLANG_WARN__DUPLICATE_METHOD_MATCH = YES;
				CODE_SIGN_IDENTITY = "iPhone Developer";
				COPY_PHASE_STRIP = NO;
				DEBUG_INFORMATION_FORMAT = "dwarf-with-dsym";
				ENABLE_NS_ASSERTIONS = NO;
				ENABLE_STRICT_OBJC_MSGSEND = YES;
				GCC_C_LANGUAGE_STANDARD = gnu11;
				GCC_NO_COMMON_BLOCKS = YES;
				GCC_WARN_64_TO_32_BIT_CONVERSION = YES;
				GCC_WARN_ABOUT_RETURN_TYPE = YES_ERROR;
				GCC_WARN_UNDECLARED_SELECTOR = YES;
				GCC_WARN_UNINITIALIZED_AUTOS = YES_AGGRESSIVE;
				GCC_WARN_UNUSED_FUNCTION = YES;
				GCC_WARN_UNUSED_VARIABLE = YES;
				IPHONEOS_DEPLOYMENT_TARGET = 11.0;
				MTL_ENABLE_DEBUG_INFO = NO;
				SDKROOT = iphoneos;
				SWIFT_OPTIMIZATION_LEVEL = "-Owholemodule";
				VALIDATE_PRODUCT = YES;
			};
			name = Release;
		};
		873430CE1FC9B6C000BEBACE /* Debug */ = {
			isa = XCBuildConfiguration;
			baseConfigurationReference = 4FCDDB41140B55649E6D59A7 /* Pods-ArticleSystem.debug.xcconfig */;
			buildSettings = {
				ASSETCATALOG_COMPILER_APPICON_NAME = AppIcon;
				CODE_SIGN_STYLE = Automatic;
				DEVELOPMENT_TEAM = DTTYHBEAZE;
				INFOPLIST_FILE = ArticleSystem/Info.plist;
				IPHONEOS_DEPLOYMENT_TARGET = 10.2;
				LD_RUNPATH_SEARCH_PATHS = "$(inherited) @executable_path/Frameworks";
				PRODUCT_BUNDLE_IDENTIFIER = xleeif00.ArticleSystem;
				PRODUCT_NAME = "$(TARGET_NAME)";
				SWIFT_VERSION = 4.0;
				TARGETED_DEVICE_FAMILY = "1,2";
			};
			name = Debug;
		};
		873430CF1FC9B6C000BEBACE /* Release */ = {
			isa = XCBuildConfiguration;
			baseConfigurationReference = 019C36B85762345BEC052B88 /* Pods-ArticleSystem.release.xcconfig */;
			buildSettings = {
				ASSETCATALOG_COMPILER_APPICON_NAME = AppIcon;
				CODE_SIGN_STYLE = Automatic;
				DEVELOPMENT_TEAM = DTTYHBEAZE;
				INFOPLIST_FILE = ArticleSystem/Info.plist;
				IPHONEOS_DEPLOYMENT_TARGET = 10.2;
				LD_RUNPATH_SEARCH_PATHS = "$(inherited) @executable_path/Frameworks";
				PRODUCT_BUNDLE_IDENTIFIER = xleeif00.ArticleSystem;
				PRODUCT_NAME = "$(TARGET_NAME)";
				SWIFT_VERSION = 4.0;
				TARGETED_DEVICE_FAMILY = "1,2";
			};
			name = Release;
		};
/* End XCBuildConfiguration section */

/* Begin XCConfigurationList section */
		873430B61FC9B6C000BEBACE /* Build configuration list for PBXProject "ArticleSystem" */ = {
			isa = XCConfigurationList;
			buildConfigurations = (
				873430CB1FC9B6C000BEBACE /* Debug */,
				873430CC1FC9B6C000BEBACE /* Release */,
			);
			defaultConfigurationIsVisible = 0;
			defaultConfigurationName = Release;
		};
		873430CD1FC9B6C000BEBACE /* Build configuration list for PBXNativeTarget "ArticleSystem" */ = {
			isa = XCConfigurationList;
			buildConfigurations = (
				873430CE1FC9B6C000BEBACE /* Debug */,
				873430CF1FC9B6C000BEBACE /* Release */,
			);
			defaultConfigurationIsVisible = 0;
			defaultConfigurationName = Release;
		};
/* End XCConfigurationList section */
	};
	rootObject = 873430B31FC9B6C000BEBACE /* Project object */;
}
